
Microsoft Visual Studio Solution File, Format Version 12.00
# Visual Studio Version 17
VisualStudioVersion = 17.0.31903.59
MinimumVisualStudioVersion = 10.0.40219.1
Project("{2150E333-8FDC-42A3-9474-1A3956D46DE8}") = "src", "src", "{F7B2C00C-592E-41B2-A158-870D44E22B43}"
EndProject
Project("{FAE04EC0-301F-11D3-BF4B-00C04F79EFBC}") = "SysTTS", "src\SysTTS\SysTTS.csproj", "{6305999A-23EA-43CD-BE8C-E3AFDC123FD9}"
EndProject
Global
	GlobalSection(SolutionConfigurationPlatforms) = preSolution
		Debug|Any CPU = Debug|Any CPU
		Release|Any CPU = Release|Any CPU
	EndGlobalSection
	GlobalSection(SolutionProperties) = preSolution
		HideSolutionNode = FALSE
	EndGlobalSection
	GlobalSection(ProjectConfigurationPlatforms) = postSolution
		{6305999A-23EA-43CD-BE8C-E3AFDC123FD9}.Debug|Any CPU.ActiveCfg = Debug|Any CPU
		{6305999A-23EA-43CD-BE8C-E3AFDC123FD9}.Debug|Any CPU.Build.0 = Debug|Any CPU
		{6305999A-23EA-43CD-BE8C-E3AFDC123FD9}.Release|Any CPU.ActiveCfg = Release|Any CPU
		{6305999A-23EA-43CD-BE8C-E3AFDC123FD9}.Release|Any CPU.Build.0 = Release|Any CPU
	EndGlobalSection
	GlobalSection(NestedProjects) = preSolution
		{6305999A-23EA-43CD-BE8C-E3AFDC123FD9} = {F7B2C00C-592E-41B2-A158-870D44E22B43}
	EndGlobalSection
EndGlobal
